
Microsoft Visual Studio Solution File, Format Version 12.00
# Visual Studio Version 17
VisualStudioVersion = 17.2.32526.322
MinimumVisualStudioVersion = 10.0.40219.1
Project("{FAE04EC0-301F-11D3-BF4B-00C04F79EFBC}") = "aula09", "aula09\aula09.csproj", "{817D83C5-ED41-481E-8ED1-F6A664074877}"
EndProject
Global
	GlobalSection(SolutionConfigurationPlatforms) = preSolution
		Debug|Any CPU = Debug|Any CPU
		Release|Any CPU = Release|Any CPU
	EndGlobalSection
	GlobalSection(ProjectConfigurationPlatforms) = postSolution
		{817D83C5-ED41-481E-8ED1-F6A664074877}.Debug|Any CPU.ActiveCfg = Debug|Any CPU
		{817D83C5-ED41-481E-8ED1-F6A664074877}.Debug|Any CPU.Build.0 = Debug|Any CPU
		{817D83C5-ED41-481E-8ED1-F6A664074877}.Release|Any CPU.ActiveCfg = Release|Any CPU
		{817D83C5-ED41-481E-8ED1-F6A664074877}.Release|Any CPU.Build.0 = Release|Any CPU
	EndGlobalSection
	GlobalSection(SolutionProperties) = preSolution
		HideSolutionNode = FALSE
	EndGlobalSection
	GlobalSection(ExtensibilityGlobals) = postSolution
		SolutionGuid = {1F215AAB-A65F-4390-B1EA-4141001511EB}
	EndGlobalSection
EndGlobal
