
Microsoft Visual Studio Solution File, Format Version 12.00
# Visual Studio Version 17
VisualStudioVersion = 17.2.32526.322
MinimumVisualStudioVersion = 10.0.40219.1
Project("{FAE04EC0-301F-11D3-BF4B-00C04F79EFBC}") = "Gabrielle-Santana-Aula-6-Desafio-1", "Gabrielle-Santana-Aula-6-Desafio-1\Gabrielle-Santana-Aula-6-Desafio-1.csproj", "{21F01BDE-5078-4879-9931-763915102374}"
EndProject
Global
	GlobalSection(SolutionConfigurationPlatforms) = preSolution
		Debug|Any CPU = Debug|Any CPU
		Release|Any CPU = Release|Any CPU
	EndGlobalSection
	GlobalSection(ProjectConfigurationPlatforms) = postSolution
		{21F01BDE-5078-4879-9931-763915102374}.Debug|Any CPU.ActiveCfg = Debug|Any CPU
		{21F01BDE-5078-4879-9931-763915102374}.Debug|Any CPU.Build.0 = Debug|Any CPU
		{21F01BDE-5078-4879-9931-763915102374}.Release|Any CPU.ActiveCfg = Release|Any CPU
		{21F01BDE-5078-4879-9931-763915102374}.Release|Any CPU.Build.0 = Release|Any CPU
	EndGlobalSection
	GlobalSection(SolutionProperties) = preSolution
		HideSolutionNode = FALSE
	EndGlobalSection
	GlobalSection(ExtensibilityGlobals) = postSolution
		SolutionGuid = {46A1D2D1-456C-4461-A8D4-88E0A9C30178}
	EndGlobalSection
EndGlobal
