
Microsoft Visual Studio Solution File, Format Version 12.00
# Visual Studio Version 17
VisualStudioVersion = 17.2.32526.322
MinimumVisualStudioVersion = 10.0.40219.1
Project("{FAE04EC0-301F-11D3-BF4B-00C04F79EFBC}") = "Atividade1", "Atividade1.csproj", "{BC3B1565-39E8-424B-81ED-D6CE5F599366}"
EndProject
Global
	GlobalSection(SolutionConfigurationPlatforms) = preSolution
		Debug|Any CPU = Debug|Any CPU
		Release|Any CPU = Release|Any CPU
	EndGlobalSection
	GlobalSection(ProjectConfigurationPlatforms) = postSolution
		{BC3B1565-39E8-424B-81ED-D6CE5F599366}.Debug|Any CPU.ActiveCfg = Debug|Any CPU
		{BC3B1565-39E8-424B-81ED-D6CE5F599366}.Debug|Any CPU.Build.0 = Debug|Any CPU
		{BC3B1565-39E8-424B-81ED-D6CE5F599366}.Release|Any CPU.ActiveCfg = Release|Any CPU
		{BC3B1565-39E8-424B-81ED-D6CE5F599366}.Release|Any CPU.Build.0 = Release|Any CPU
	EndGlobalSection
	GlobalSection(SolutionProperties) = preSolution
		HideSolutionNode = FALSE
	EndGlobalSection
	GlobalSection(ExtensibilityGlobals) = postSolution
		SolutionGuid = {336DB5FA-6A14-4707-AFFC-2BEC8A98C9C7}
	EndGlobalSection
EndGlobal
