
Microsoft Visual Studio Solution File, Format Version 12.00
# Visual Studio Version 17
VisualStudioVersion = 17.2.32616.157
MinimumVisualStudioVersion = 10.0.40219.1
Project("{FAE04EC0-301F-11D3-BF4B-00C04F79EFBC}") = "ConversorMoedas", "ConversorMoedas\ConversorMoedas.csproj", "{7B10D56B-E09D-44C6-A7D4-BF6A2D3CEA05}"
EndProject
Global
	GlobalSection(SolutionConfigurationPlatforms) = preSolution
		Debug|Any CPU = Debug|Any CPU
		Release|Any CPU = Release|Any CPU
	EndGlobalSection
	GlobalSection(ProjectConfigurationPlatforms) = postSolution
		{7B10D56B-E09D-44C6-A7D4-BF6A2D3CEA05}.Debug|Any CPU.ActiveCfg = Debug|Any CPU
		{7B10D56B-E09D-44C6-A7D4-BF6A2D3CEA05}.Debug|Any CPU.Build.0 = Debug|Any CPU
		{7B10D56B-E09D-44C6-A7D4-BF6A2D3CEA05}.Release|Any CPU.ActiveCfg = Release|Any CPU
		{7B10D56B-E09D-44C6-A7D4-BF6A2D3CEA05}.Release|Any CPU.Build.0 = Release|Any CPU
	EndGlobalSection
	GlobalSection(SolutionProperties) = preSolution
		HideSolutionNode = FALSE
	EndGlobalSection
	GlobalSection(ExtensibilityGlobals) = postSolution
		SolutionGuid = {87EB8932-FBD1-45ED-B623-492F10700C7D}
	EndGlobalSection
EndGlobal
