
Microsoft Visual Studio Solution File, Format Version 12.00
# Visual Studio Version 17
VisualStudioVersion = 17.2.32526.322
MinimumVisualStudioVersion = 10.0.40219.1
Project("{FAE04EC0-301F-11D3-BF4B-00C04F79EFBC}") = "Aula-6-desafio-1", "Aula-6-desafio-1\Aula-6-desafio-1.csproj", "{734B6422-B98C-4CCA-BD3A-23B0418E85C1}"
EndProject
Global
	GlobalSection(SolutionConfigurationPlatforms) = preSolution
		Debug|Any CPU = Debug|Any CPU
		Release|Any CPU = Release|Any CPU
	EndGlobalSection
	GlobalSection(ProjectConfigurationPlatforms) = postSolution
		{734B6422-B98C-4CCA-BD3A-23B0418E85C1}.Debug|Any CPU.ActiveCfg = Debug|Any CPU
		{734B6422-B98C-4CCA-BD3A-23B0418E85C1}.Debug|Any CPU.Build.0 = Debug|Any CPU
		{734B6422-B98C-4CCA-BD3A-23B0418E85C1}.Release|Any CPU.ActiveCfg = Release|Any CPU
		{734B6422-B98C-4CCA-BD3A-23B0418E85C1}.Release|Any CPU.Build.0 = Release|Any CPU
	EndGlobalSection
	GlobalSection(SolutionProperties) = preSolution
		HideSolutionNode = FALSE
	EndGlobalSection
	GlobalSection(ExtensibilityGlobals) = postSolution
		SolutionGuid = {4D31764F-233F-4BCA-B6C5-B96B1F3EB536}
	EndGlobalSection
EndGlobal
